
Microsoft Visual Studio Solution File, Format Version 12.00
# Visual Studio 15
VisualStudioVersion = 15.0.27703.2018
MinimumVisualStudioVersion = 10.0.40219.1
Project("{FAE04EC0-301F-11D3-BF4B-00C04F79EFBC}") = "ChartToPDF.Android", "ChartToPDF\ChartToPDF.Android\ChartToPDF.Android.csproj", "{17D296E6-6088-473D-9C36-A4F8EEBF3D8F}"
EndProject
Project("{FAE04EC0-301F-11D3-BF4B-00C04F79EFBC}") = "ChartToPDF.iOS", "ChartToPDF\ChartToPDF.iOS\ChartToPDF.iOS.csproj", "{FF29D814-FC75-4AA7-B307-7E4A8549B768}"
EndProject
Project("{FAE04EC0-301F-11D3-BF4B-00C04F79EFBC}") = "ChartToPDF.UWP", "ChartToPDF\ChartToPDF.UWP\ChartToPDF.UWP.csproj", "{E1432630-E4B7-445E-A179-97BBDC27D207}"
EndProject
Project("{FAE04EC0-301F-11D3-BF4B-00C04F79EFBC}") = "ChartToPDF", "ChartToPDF\ChartToPDF\ChartToPDF.csproj", "{EDC43EBF-92C7-4C4A-9B4C-020FD463B972}"
EndProject
Global
	GlobalSection(SolutionConfigurationPlatforms) = preSolution
		Ad-Hoc|Any CPU = Ad-Hoc|Any CPU
		Ad-Hoc|ARM = Ad-Hoc|ARM
		Ad-Hoc|iPhone = Ad-Hoc|iPhone
		Ad-Hoc|iPhoneSimulator = Ad-Hoc|iPhoneSimulator
		Ad-Hoc|x64 = Ad-Hoc|x64
		Ad-Hoc|x86 = Ad-Hoc|x86
		AppStore|Any CPU = AppStore|Any CPU
		AppStore|ARM = AppStore|ARM
		AppStore|iPhone = AppStore|iPhone
		AppStore|iPhoneSimulator = AppStore|iPhoneSimulator
		AppStore|x64 = AppStore|x64
		AppStore|x86 = AppStore|x86
		Debug|Any CPU = Debug|Any CPU
		Debug|ARM = Debug|ARM
		Debug|iPhone = Debug|iPhone
		Debug|iPhoneSimulator = Debug|iPhoneSimulator
		Debug|x64 = Debug|x64
		Debug|x86 = Debug|x86
		Release|Any CPU = Release|Any CPU
		Release|ARM = Release|ARM
		Release|iPhone = Release|iPhone
		Release|iPhoneSimulator = Release|iPhoneSimulator
		Release|x64 = Release|x64
		Release|x86 = Release|x86
	EndGlobalSection
	GlobalSection(ProjectConfigurationPlatforms) = postSolution
		{17D296E6-6088-473D-9C36-A4F8EEBF3D8F}.Ad-Hoc|Any CPU.ActiveCfg = Release|Any CPU
		{17D296E6-6088-473D-9C36-A4F8EEBF3D8F}.Ad-Hoc|Any CPU.Build.0 = Release|Any CPU
		{17D296E6-6088-473D-9C36-A4F8EEBF3D8F}.Ad-Hoc|Any CPU.Deploy.0 = Release|Any CPU
		{17D296E6-6088-473D-9C36-A4F8EEBF3D8F}.Ad-Hoc|ARM.ActiveCfg = Release|Any CPU
		{17D296E6-6088-473D-9C36-A4F8EEBF3D8F}.Ad-Hoc|ARM.Build.0 = Release|Any CPU
		{17D296E6-6088-473D-9C36-A4F8EEBF3D8F}.Ad-Hoc|ARM.Deploy.0 = Release|Any CPU
		{17D296E6-6088-473D-9C36-A4F8EEBF3D8F}.Ad-Hoc|iPhone.ActiveCfg = Release|Any CPU
		{17D296E6-6088-473D-9C36-A4F8EEBF3D8F}.Ad-Hoc|iPhone.Build.0 = Release|Any CPU
		{17D296E6-6088-473D-9C36-A4F8EEBF3D8F}.Ad-Hoc|iPhone.Deploy.0 = Release|Any CPU
		{17D296E6-6088-473D-9C36-A4F8EEBF3D8F}.Ad-Hoc|iPhoneSimulator.ActiveCfg = Release|Any CPU
		{17D296E6-6088-473D-9C36-A4F8EEBF3D8F}.Ad-Hoc|iPhoneSimulator.Build.0 = Release|Any CPU
		{17D296E6-6088-473D-9C36-A4F8EEBF3D8F}.Ad-Hoc|iPhoneSimulator.Deploy.0 = Release|Any CPU
		{17D296E6-6088-473D-9C36-A4F8EEBF3D8F}.Ad-Hoc|x64.ActiveCfg = Release|Any CPU
		{17D296E6-6088-473D-9C36-A4F8EEBF3D8F}.Ad-Hoc|x64.Build.0 = Release|Any CPU
		{17D296E6-6088-473D-9C36-A4F8EEBF3D8F}.Ad-Hoc|x64.Deploy.0 = Release|Any CPU
		{17D296E6-6088-473D-9C36-A4F8EEBF3D8F}.Ad-Hoc|x86.ActiveCfg = Release|Any CPU
		{17D296E6-6088-473D-9C36-A4F8EEBF3D8F}.Ad-Hoc|x86.Build.0 = Release|Any CPU
		{17D296E6-6088-473D-9C36-A4F8EEBF3D8F}.Ad-Hoc|x86.Deploy.0 = Release|Any CPU
		{17D296E6-6088-473D-9C36-A4F8EEBF3D8F}.AppStore|Any CPU.ActiveCfg = Release|Any CPU
		{17D296E6-6088-473D-9C36-A4F8EEBF3D8F}.AppStore|Any CPU.Build.0 = Release|Any CPU
		{17D296E6-6088-473D-9C36-A4F8EEBF3D8F}.AppStore|Any CPU.Deploy.0 = Release|Any CPU
		{17D296E6-6088-473D-9C36-A4F8EEBF3D8F}.AppStore|ARM.ActiveCfg = Release|Any CPU
		{17D296E6-6088-473D-9C36-A4F8EEBF3D8F}.AppStore|ARM.Build.0 = Release|Any CPU
		{17D296E6-6088-473D-9C36-A4F8EEBF3D8F}.AppStore|ARM.Deploy.0 = Release|Any CPU
		{17D296E6-6088-473D-9C36-A4F8EEBF3D8F}.AppStore|iPhone.ActiveCfg = Release|Any CPU
		{17D296E6-6088-473D-9C36-A4F8EEBF3D8F}.AppStore|iPhone.Build.0 = Release|Any CPU
		{17D296E6-6088-473D-9C36-A4F8EEBF3D8F}.AppStore|iPhone.Deploy.0 = Release|Any CPU
		{17D296E6-6088-473D-9C36-A4F8EEBF3D8F}.AppStore|iPhoneSimulator.ActiveCfg = Release|Any CPU
		{17D296E6-6088-473D-9C36-A4F8EEBF3D8F}.AppStore|iPhoneSimulator.Build.0 = Release|Any CPU
		{17D296E6-6088-473D-9C36-A4F8EEBF3D8F}.AppStore|iPhoneSimulator.Deploy.0 = Release|Any CPU
		{17D296E6-6088-473D-9C36-A4F8EEBF3D8F}.AppStore|x64.ActiveCfg = Release|Any CPU
		{17D296E6-6088-473D-9C36-A4F8EEBF3D8F}.AppStore|x64.Build.0 = Release|Any CPU
		{17D296E6-6088-473D-9C36-A4F8EEBF3D8F}.AppStore|x64.Deploy.0 = Release|Any CPU
		{17D296E6-6088-473D-9C36-A4F8EEBF3D8F}.AppStore|x86.ActiveCfg = Release|Any CPU
		{17D296E6-6088-473D-9C36-A4F8EEBF3D8F}.AppStore|x86.Build.0 = Release|Any CPU
		{17D296E6-6088-473D-9C36-A4F8EEBF3D8F}.AppStore|x86.Deploy.0 = Release|Any CPU
		{17D296E6-6088-473D-9C36-A4F8EEBF3D8F}.Debug|Any CPU.ActiveCfg = Debug|Any CPU
		{17D296E6-6088-473D-9C36-A4F8EEBF3D8F}.Debug|Any CPU.Build.0 = Debug|Any CPU
		{17D296E6-6088-473D-9C36-A4F8EEBF3D8F}.Debug|Any CPU.Deploy.0 = Debug|Any CPU
		{17D296E6-6088-473D-9C36-A4F8EEBF3D8F}.Debug|ARM.ActiveCfg = Debug|Any CPU
		{17D296E6-6088-473D-9C36-A4F8EEBF3D8F}.Debug|ARM.Build.0 = Debug|Any CPU
		{17D296E6-6088-473D-9C36-A4F8EEBF3D8F}.Debug|ARM.Deploy.0 = Debug|Any CPU
		{17D296E6-6088-473D-9C36-A4F8EEBF3D8F}.Debug|iPhone.ActiveCfg = Debug|Any CPU
		{17D296E6-6088-473D-9C36-A4F8EEBF3D8F}.Debug|iPhone.Build.0 = Debug|Any CPU
		{17D296E6-6088-473D-9C36-A4F8EEBF3D8F}.Debug|iPhone.Deploy.0 = Debug|Any CPU
		{17D296E6-6088-473D-9C36-A4F8EEBF3D8F}.Debug|iPhoneSimulator.ActiveCfg = Debug|Any CPU
		{17D296E6-6088-473D-9C36-A4F8EEBF3D8F}.Debug|iPhoneSimulator.Build.0 = Debug|Any CPU
		{17D296E6-6088-473D-9C36-A4F8EEBF3D8F}.Debug|iPhoneSimulator.Deploy.0 = Debug|Any CPU
		{17D296E6-6088-473D-9C36-A4F8EEBF3D8F}.Debug|x64.ActiveCfg = Debug|Any CPU
		{17D296E6-6088-473D-9C36-A4F8EEBF3D8F}.Debug|x64.Build.0 = Debug|Any CPU
		{17D296E6-6088-473D-9C36-A4F8EEBF3D8F}.Debug|x64.Deploy.0 = Debug|Any CPU
		{17D296E6-6088-473D-9C36-A4F8EEBF3D8F}.Debug|x86.ActiveCfg = Debug|Any CPU
		{17D296E6-6088-473D-9C36-A4F8EEBF3D8F}.Debug|x86.Build.0 = Debug|Any CPU
		{17D296E6-6088-473D-9C36-A4F8EEBF3D8F}.Debug|x86.Deploy.0 = Debug|Any CPU
		{17D296E6-6088-473D-9C36-A4F8EEBF3D8F}.Release|Any CPU.ActiveCfg = Release|Any CPU
		{17D296E6-6088-473D-9C36-A4F8EEBF3D8F}.Release|Any CPU.Build.0 = Release|Any CPU
		{17D296E6-6088-473D-9C36-A4F8EEBF3D8F}.Release|Any CPU.Deploy.0 = Release|Any CPU
		{17D296E6-6088-473D-9C36-A4F8EEBF3D8F}.Release|ARM.ActiveCfg = Release|Any CPU
		{17D296E6-6088-473D-9C36-A4F8EEBF3D8F}.Release|ARM.Build.0 = Release|Any CPU
		{17D296E6-6088-473D-9C36-A4F8EEBF3D8F}.Release|ARM.Deploy.0 = Release|Any CPU
		{17D296E6-6088-473D-9C36-A4F8EEBF3D8F}.Release|iPhone.ActiveCfg = Release|Any CPU
		{17D296E6-6088-473D-9C36-A4F8EEBF3D8F}.Release|iPhone.Build.0 = Release|Any CPU
		{17D296E6-6088-473D-9C36-A4F8EEBF3D8F}.Release|iPhone.Deploy.0 = Release|Any CPU
		{17D296E6-6088-473D-9C36-A4F8EEBF3D8F}.Release|iPhoneSimulator.ActiveCfg = Release|Any CPU
		{17D296E6-6088-473D-9C36-A4F8EEBF3D8F}.Release|iPhoneSimulator.Build.0 = Release|Any CPU
		{17D296E6-6088-473D-9C36-A4F8EEBF3D8F}.Release|iPhoneSimulator.Deploy.0 = Release|Any CPU
		{17D296E6-6088-473D-9C36-A4F8EEBF3D8F}.Release|x64.ActiveCfg = Release|Any CPU
		{17D296E6-6088-473D-9C36-A4F8EEBF3D8F}.Release|x64.Build.0 = Release|Any CPU
		{17D296E6-6088-473D-9C36-A4F8EEBF3D8F}.Release|x64.Deploy.0 = Release|Any CPU
		{17D296E6-6088-473D-9C36-A4F8EEBF3D8F}.Release|x86.ActiveCfg = Release|Any CPU
		{17D296E6-6088-473D-9C36-A4F8EEBF3D8F}.Release|x86.Build.0 = Release|Any CPU
		{17D296E6-6088-473D-9C36-A4F8EEBF3D8F}.Release|x86.Deploy.0 = Release|Any CPU
		{FF29D814-FC75-4AA7-B307-7E4A8549B768}.Ad-Hoc|Any CPU.ActiveCfg = Ad-Hoc|iPhone
		{FF29D814-FC75-4AA7-B307-7E4A8549B768}.Ad-Hoc|Any CPU.Build.0 = Ad-Hoc|iPhone
		{FF29D814-FC75-4AA7-B307-7E4A8549B768}.Ad-Hoc|Any CPU.Deploy.0 = Ad-Hoc|iPhone
		{FF29D814-FC75-4AA7-B307-7E4A8549B768}.Ad-Hoc|ARM.ActiveCfg = Ad-Hoc|iPhone
		{FF29D814-FC75-4AA7-B307-7E4A8549B768}.Ad-Hoc|ARM.Build.0 = Ad-Hoc|iPhone
		{FF29D814-FC75-4AA7-B307-7E4A8549B768}.Ad-Hoc|ARM.Deploy.0 = Ad-Hoc|iPhone
		{FF29D814-FC75-4AA7-B307-7E4A8549B768}.Ad-Hoc|iPhone.ActiveCfg = Ad-Hoc|iPhone
		{FF29D814-FC75-4AA7-B307-7E4A8549B768}.Ad-Hoc|iPhone.Build.0 = Ad-Hoc|iPhone
		{FF29D814-FC75-4AA7-B307-7E4A8549B768}.Ad-Hoc|iPhone.Deploy.0 = Ad-Hoc|iPhone
		{FF29D814-FC75-4AA7-B307-7E4A8549B768}.Ad-Hoc|iPhoneSimulator.ActiveCfg = Ad-Hoc|iPhoneSimulator
		{FF29D814-FC75-4AA7-B307-7E4A8549B768}.Ad-Hoc|iPhoneSimulator.Build.0 = Ad-Hoc|iPhoneSimulator
		{FF29D814-FC75-4AA7-B307-7E4A8549B768}.Ad-Hoc|iPhoneSimulator.Deploy.0 = Ad-Hoc|iPhoneSimulator
		{FF29D814-FC75-4AA7-B307-7E4A8549B768}.Ad-Hoc|x64.ActiveCfg = Ad-Hoc|iPhone
		{FF29D814-FC75-4AA7-B307-7E4A8549B768}.Ad-Hoc|x64.Build.0 = Ad-Hoc|iPhone
		{FF29D814-FC75-4AA7-B307-7E4A8549B768}.Ad-Hoc|x64.Deploy.0 = Ad-Hoc|iPhone
		{FF29D814-FC75-4AA7-B307-7E4A8549B768}.Ad-Hoc|x86.ActiveCfg = Ad-Hoc|iPhone
		{FF29D814-FC75-4AA7-B307-7E4A8549B768}.Ad-Hoc|x86.Build.0 = Ad-Hoc|iPhone
		{FF29D814-FC75-4AA7-B307-7E4A8549B768}.Ad-Hoc|x86.Deploy.0 = Ad-Hoc|iPhone
		{FF29D814-FC75-4AA7-B307-7E4A8549B768}.AppStore|Any CPU.ActiveCfg = AppStore|iPhone
		{FF29D814-FC75-4AA7-B307-7E4A8549B768}.AppStore|Any CPU.Build.0 = AppStore|iPhone
		{FF29D814-FC75-4AA7-B307-7E4A8549B768}.AppStore|Any CPU.Deploy.0 = AppStore|iPhone
		{FF29D814-FC75-4AA7-B307-7E4A8549B768}.AppStore|ARM.ActiveCfg = AppStore|iPhone
		{FF29D814-FC75-4AA7-B307-7E4A8549B768}.AppStore|ARM.Build.0 = AppStore|iPhone
		{FF29D814-FC75-4AA7-B307-7E4A8549B768}.AppStore|ARM.Deploy.0 = AppStore|iPhone
		{FF29D814-FC75-4AA7-B307-7E4A8549B768}.AppStore|iPhone.ActiveCfg = AppStore|iPhone
		{FF29D814-FC75-4AA7-B307-7E4A8549B768}.AppStore|iPhone.Build.0 = AppStore|iPhone
		{FF29D814-FC75-4AA7-B307-7E4A8549B768}.AppStore|iPhone.Deploy.0 = AppStore|iPhone
		{FF29D814-FC75-4AA7-B307-7E4A8549B768}.AppStore|iPhoneSimulator.ActiveCfg = AppStore|iPhoneSimulator
		{FF29D814-FC75-4AA7-B307-7E4A8549B768}.AppStore|iPhoneSimulator.Build.0 = AppStore|iPhoneSimulator
		{FF29D814-FC75-4AA7-B307-7E4A8549B768}.AppStore|iPhoneSimulator.Deploy.0 = AppStore|iPhoneSimulator
		{FF29D814-FC75-4AA7-B307-7E4A8549B768}.AppStore|x64.ActiveCfg = AppStore|iPhone
		{FF29D814-FC75-4AA7-B307-7E4A8549B768}.AppStore|x64.Build.0 = AppStore|iPhone
		{FF29D814-FC75-4AA7-B307-7E4A8549B768}.AppStore|x64.Deploy.0 = AppStore|iPhone
		{FF29D814-FC75-4AA7-B307-7E4A8549B768}.AppStore|x86.ActiveCfg = AppStore|iPhone
		{FF29D814-FC75-4AA7-B307-7E4A8549B768}.AppStore|x86.Build.0 = AppStore|iPhone
		{FF29D814-FC75-4AA7-B307-7E4A8549B768}.AppStore|x86.Deploy.0 = AppStore|iPhone
		{FF29D814-FC75-4AA7-B307-7E4A8549B768}.Debug|Any CPU.ActiveCfg = Debug|iPhoneSimulator
		{FF29D814-FC75-4AA7-B307-7E4A8549B768}.Debug|Any CPU.Build.0 = Debug|iPhoneSimulator
		{FF29D814-FC75-4AA7-B307-7E4A8549B768}.Debug|Any CPU.Deploy.0 = Debug|iPhoneSimulator
		{FF29D814-FC75-4AA7-B307-7E4A8549B768}.Debug|ARM.ActiveCfg = Debug|iPhone
		{FF29D814-FC75-4AA7-B307-7E4A8549B768}.Debug|ARM.Build.0 = Debug|iPhone
		{FF29D814-FC75-4AA7-B307-7E4A8549B768}.Debug|ARM.Deploy.0 = Debug|iPhone
		{FF29D814-FC75-4AA7-B307-7E4A8549B768}.Debug|iPhone.ActiveCfg = Debug|iPhone
		{FF29D814-FC75-4AA7-B307-7E4A8549B768}.Debug|iPhone.Build.0 = Debug|iPhone
		{FF29D814-FC75-4AA7-B307-7E4A8549B768}.Debug|iPhone.Deploy.0 = Debug|iPhone
		{FF29D814-FC75-4AA7-B307-7E4A8549B768}.Debug|iPhoneSimulator.ActiveCfg = Debug|iPhoneSimulator
		{FF29D814-FC75-4AA7-B307-7E4A8549B768}.Debug|iPhoneSimulator.Build.0 = Debug|iPhoneSimulator
		{FF29D814-FC75-4AA7-B307-7E4A8549B768}.Debug|iPhoneSimulator.Deploy.0 = Debug|iPhoneSimulator
		{FF29D814-FC75-4AA7-B307-7E4A8549B768}.Debug|x64.ActiveCfg = Debug|iPhone
		{FF29D814-FC75-4AA7-B307-7E4A8549B768}.Debug|x64.Build.0 = Debug|iPhone
		{FF29D814-FC75-4AA7-B307-7E4A8549B768}.Debug|x64.Deploy.0 = Debug|iPhone
		{FF29D814-FC75-4AA7-B307-7E4A8549B768}.Debug|x86.ActiveCfg = Debug|iPhone
		{FF29D814-FC75-4AA7-B307-7E4A8549B768}.Debug|x86.Build.0 = Debug|iPhone
		{FF29D814-FC75-4AA7-B307-7E4A8549B768}.Debug|x86.Deploy.0 = Debug|iPhone
		{FF29D814-FC75-4AA7-B307-7E4A8549B768}.Release|Any CPU.ActiveCfg = Release|iPhone
		{FF29D814-FC75-4AA7-B307-7E4A8549B768}.Release|Any CPU.Build.0 = Release|iPhone
		{FF29D814-FC75-4AA7-B307-7E4A8549B768}.Release|Any CPU.Deploy.0 = Release|iPhone
		{FF29D814-FC75-4AA7-B307-7E4A8549B768}.Release|ARM.ActiveCfg = Release|iPhone
		{FF29D814-FC75-4AA7-B307-7E4A8549B768}.Release|ARM.Build.0 = Release|iPhone
		{FF29D814-FC75-4AA7-B307-7E4A8549B768}.Release|ARM.Deploy.0 = Release|iPhone
		{FF29D814-FC75-4AA7-B307-7E4A8549B768}.Release|iPhone.ActiveCfg = Release|iPhone
		{FF29D814-FC75-4AA7-B307-7E4A8549B768}.Release|iPhone.Build.0 = Release|iPhone
		{FF29D814-FC75-4AA7-B307-7E4A8549B768}.Release|iPhone.Deploy.0 = Release|iPhone
		{FF29D814-FC75-4AA7-B307-7E4A8549B768}.Release|iPhoneSimulator.ActiveCfg = Release|iPhoneSimulator
		{FF29D814-FC75-4AA7-B307-7E4A8549B768}.Release|iPhoneSimulator.Build.0 = Release|iPhoneSimulator
		{FF29D814-FC75-4AA7-B307-7E4A8549B768}.Release|iPhoneSimulator.Deploy.0 = Release|iPhoneSimulator
		{FF29D814-FC75-4AA7-B307-7E4A8549B768}.Release|x64.ActiveCfg = Release|iPhone
		{FF29D814-FC75-4AA7-B307-7E4A8549B768}.Release|x64.Build.0 = Release|iPhone
		{FF29D814-FC75-4AA7-B307-7E4A8549B768}.Release|x64.Deploy.0 = Release|iPhone
		{FF29D814-FC75-4AA7-B307-7E4A8549B768}.Release|x86.ActiveCfg = Release|iPhone
		{FF29D814-FC75-4AA7-B307-7E4A8549B768}.Release|x86.Build.0 = Release|iPhone
		{FF29D814-FC75-4AA7-B307-7E4A8549B768}.Release|x86.Deploy.0 = Release|iPhone
		{E1432630-E4B7-445E-A179-97BBDC27D207}.Ad-Hoc|Any CPU.ActiveCfg = Release|x86
		{E1432630-E4B7-445E-A179-97BBDC27D207}.Ad-Hoc|Any CPU.Build.0 = Release|x86
		{E1432630-E4B7-445E-A179-97BBDC27D207}.Ad-Hoc|Any CPU.Deploy.0 = Release|x86
		{E1432630-E4B7-445E-A179-97BBDC27D207}.Ad-Hoc|ARM.ActiveCfg = Release|ARM
		{E1432630-E4B7-445E-A179-97BBDC27D207}.Ad-Hoc|ARM.Build.0 = Release|ARM
		{E1432630-E4B7-445E-A179-97BBDC27D207}.Ad-Hoc|ARM.Deploy.0 = Release|ARM
		{E1432630-E4B7-445E-A179-97BBDC27D207}.Ad-Hoc|iPhone.ActiveCfg = Release|x86
		{E1432630-E4B7-445E-A179-97BBDC27D207}.Ad-Hoc|iPhone.Build.0 = Release|x86
		{E1432630-E4B7-445E-A179-97BBDC27D207}.Ad-Hoc|iPhone.Deploy.0 = Release|x86
		{E1432630-E4B7-445E-A179-97BBDC27D207}.Ad-Hoc|iPhoneSimulator.ActiveCfg = Release|x86
		{E1432630-E4B7-445E-A179-97BBDC27D207}.Ad-Hoc|iPhoneSimulator.Build.0 = Release|x86
		{E1432630-E4B7-445E-A179-97BBDC27D207}.Ad-Hoc|iPhoneSimulator.Deploy.0 = Release|x86
		{E1432630-E4B7-445E-A179-97BBDC27D207}.Ad-Hoc|x64.ActiveCfg = Release|x64
		{E1432630-E4B7-445E-A179-97BBDC27D207}.Ad-Hoc|x64.Build.0 = Release|x64
		{E1432630-E4B7-445E-A179-97BBDC27D207}.Ad-Hoc|x64.Deploy.0 = Release|x64
		{E1432630-E4B7-445E-A179-97BBDC27D207}.Ad-Hoc|x86.ActiveCfg = Release|x86
		{E1432630-E4B7-445E-A179-97BBDC27D207}.Ad-Hoc|x86.Build.0 = Release|x86
		{E1432630-E4B7-445E-A179-97BBDC27D207}.Ad-Hoc|x86.Deploy.0 = Release|x86
		{E1432630-E4B7-445E-A179-97BBDC27D207}.AppStore|Any CPU.ActiveCfg = Release|x86
		{E1432630-E4B7-445E-A179-97BBDC27D207}.AppStore|Any CPU.Build.0 = Release|x86
		{E1432630-E4B7-445E-A179-97BBDC27D207}.AppStore|Any CPU.Deploy.0 = Release|x86
		{E1432630-E4B7-445E-A179-97BBDC27D207}.AppStore|ARM.ActiveCfg = Release|ARM
		{E1432630-E4B7-445E-A179-97BBDC27D207}.AppStore|ARM.Build.0 = Release|ARM
		{E1432630-E4B7-445E-A179-97BBDC27D207}.AppStore|ARM.Deploy.0 = Release|ARM
		{E1432630-E4B7-445E-A179-97BBDC27D207}.AppStore|iPhone.ActiveCfg = Release|x86
		{E1432630-E4B7-445E-A179-97BBDC27D207}.AppStore|iPhone.Build.0 = Release|x86
		{E1432630-E4B7-445E-A179-97BBDC27D207}.AppStore|iPhone.Deploy.0 = Release|x86
		{E1432630-E4B7-445E-A179-97BBDC27D207}.AppStore|iPhoneSimulator.ActiveCfg = Release|x86
		{E1432630-E4B7-445E-A179-97BBDC27D207}.AppStore|iPhoneSimulator.Build.0 = Release|x86
		{E1432630-E4B7-445E-A179-97BBDC27D207}.AppStore|iPhoneSimulator.Deploy.0 = Release|x86
		{E1432630-E4B7-445E-A179-97BBDC27D207}.AppStore|x64.ActiveCfg = Release|x64
		{E1432630-E4B7-445E-A179-97BBDC27D207}.AppStore|x64.Build.0 = Release|x64
		{E1432630-E4B7-445E-A179-97BBDC27D207}.AppStore|x64.Deploy.0 = Release|x64
		{E1432630-E4B7-445E-A179-97BBDC27D207}.AppStore|x86.ActiveCfg = Release|x86
		{E1432630-E4B7-445E-A179-97BBDC27D207}.AppStore|x86.Build.0 = Release|x86
		{E1432630-E4B7-445E-A179-97BBDC27D207}.AppStore|x86.Deploy.0 = Release|x86
		{E1432630-E4B7-445E-A179-97BBDC27D207}.Debug|Any CPU.ActiveCfg = Debug|x86
		{E1432630-E4B7-445E-A179-97BBDC27D207}.Debug|Any CPU.Build.0 = Debug|x86
		{E1432630-E4B7-445E-A179-97BBDC27D207}.Debug|Any CPU.Deploy.0 = Debug|x86
		{E1432630-E4B7-445E-A179-97BBDC27D207}.Debug|ARM.ActiveCfg = Debug|ARM
		{E1432630-E4B7-445E-A179-97BBDC27D207}.Debug|ARM.Build.0 = Debug|ARM
		{E1432630-E4B7-445E-A179-97BBDC27D207}.Debug|ARM.Deploy.0 = Debug|ARM
		{E1432630-E4B7-445E-A179-97BBDC27D207}.Debug|iPhone.ActiveCfg = Debug|x86
		{E1432630-E4B7-445E-A179-97BBDC27D207}.Debug|iPhone.Build.0 = Debug|x86
		{E1432630-E4B7-445E-A179-97BBDC27D207}.Debug|iPhone.Deploy.0 = Debug|x86
		{E1432630-E4B7-445E-A179-97BBDC27D207}.Debug|iPhoneSimulator.ActiveCfg = Debug|x86
		{E1432630-E4B7-445E-A179-97BBDC27D207}.Debug|iPhoneSimulator.Build.0 = Debug|x86
		{E1432630-E4B7-445E-A179-97BBDC27D207}.Debug|iPhoneSimulator.Deploy.0 = Debug|x86
		{E1432630-E4B7-445E-A179-97BBDC27D207}.Debug|x64.ActiveCfg = Debug|x64
		{E1432630-E4B7-445E-A179-97BBDC27D207}.Debug|x64.Build.0 = Debug|x64
		{E1432630-E4B7-445E-A179-97BBDC27D207}.Debug|x64.Deploy.0 = Debug|x64
		{E1432630-E4B7-445E-A179-97BBDC27D207}.Debug|x86.ActiveCfg = Debug|x86
		{E1432630-E4B7-445E-A179-97BBDC27D207}.Debug|x86.Build.0 = Debug|x86
		{E1432630-E4B7-445E-A179-97BBDC27D207}.Debug|x86.Deploy.0 = Debug|x86
		{E1432630-E4B7-445E-A179-97BBDC27D207}.Release|Any CPU.ActiveCfg = Release|x86
		{E1432630-E4B7-445E-A179-97BBDC27D207}.Release|Any CPU.Build.0 = Release|x86
		{E1432630-E4B7-445E-A179-97BBDC27D207}.Release|Any CPU.Deploy.0 = Release|x86
		{E1432630-E4B7-445E-A179-97BBDC27D207}.Release|ARM.ActiveCfg = Release|ARM
		{E1432630-E4B7-445E-A179-97BBDC27D207}.Release|ARM.Build.0 = Release|ARM
		{E1432630-E4B7-445E-A179-97BBDC27D207}.Release|ARM.Deploy.0 = Release|ARM
		{E1432630-E4B7-445E-A179-97BBDC27D207}.Release|iPhone.ActiveCfg = Release|x86
		{E1432630-E4B7-445E-A179-97BBDC27D207}.Release|iPhone.Build.0 = Release|x86
		{E1432630-E4B7-445E-A179-97BBDC27D207}.Release|iPhone.Deploy.0 = Release|x86
		{E1432630-E4B7-445E-A179-97BBDC27D207}.Release|iPhoneSimulator.ActiveCfg = Release|x86
		{E1432630-E4B7-445E-A179-97BBDC27D207}.Release|iPhoneSimulator.Build.0 = Release|x86
		{E1432630-E4B7-445E-A179-97BBDC27D207}.Release|iPhoneSimulator.Deploy.0 = Release|x86
		{E1432630-E4B7-445E-A179-97BBDC27D207}.Release|x64.ActiveCfg = Release|x64
		{E1432630-E4B7-445E-A179-97BBDC27D207}.Release|x64.Build.0 = Release|x64
		{E1432630-E4B7-445E-A179-97BBDC27D207}.Release|x64.Deploy.0 = Release|x64
		{E1432630-E4B7-445E-A179-97BBDC27D207}.Release|x86.ActiveCfg = Release|x86
		{E1432630-E4B7-445E-A179-97BBDC27D207}.Release|x86.Build.0 = Release|x86
		{E1432630-E4B7-445E-A179-97BBDC27D207}.Release|x86.Deploy.0 = Release|x86
		{EDC43EBF-92C7-4C4A-9B4C-020FD463B972}.Ad-Hoc|Any CPU.ActiveCfg = Debug|Any CPU
		{EDC43EBF-92C7-4C4A-9B4C-020FD463B972}.Ad-Hoc|Any CPU.Build.0 = Debug|Any CPU
		{EDC43EBF-92C7-4C4A-9B4C-020FD463B972}.Ad-Hoc|Any CPU.Deploy.0 = Debug|Any CPU
		{EDC43EBF-92C7-4C4A-9B4C-020FD463B972}.Ad-Hoc|ARM.ActiveCfg = Debug|Any CPU
		{EDC43EBF-92C7-4C4A-9B4C-020FD463B972}.Ad-Hoc|ARM.Build.0 = Debug|Any CPU
		{EDC43EBF-92C7-4C4A-9B4C-020FD463B972}.Ad-Hoc|ARM.Deploy.0 = Debug|Any CPU
		{EDC43EBF-92C7-4C4A-9B4C-020FD463B972}.Ad-Hoc|iPhone.ActiveCfg = Debug|Any CPU
		{EDC43EBF-92C7-4C4A-9B4C-020FD463B972}.Ad-Hoc|iPhone.Build.0 = Debug|Any CPU
		{EDC43EBF-92C7-4C4A-9B4C-020FD463B972}.Ad-Hoc|iPhone.Deploy.0 = Debug|Any CPU
		{EDC43EBF-92C7-4C4A-9B4C-020FD463B972}.Ad-Hoc|iPhoneSimulator.ActiveCfg = Debug|Any CPU
		{EDC43EBF-92C7-4C4A-9B4C-020FD463B972}.Ad-Hoc|iPhoneSimulator.Build.0 = Debug|Any CPU
		{EDC43EBF-92C7-4C4A-9B4C-020FD463B972}.Ad-Hoc|iPhoneSimulator.Deploy.0 = Debug|Any CPU
		{EDC43EBF-92C7-4C4A-9B4C-020FD463B972}.Ad-Hoc|x64.ActiveCfg = Debug|Any CPU
		{EDC43EBF-92C7-4C4A-9B4C-020FD463B972}.Ad-Hoc|x64.Build.0 = Debug|Any CPU
		{EDC43EBF-92C7-4C4A-9B4C-020FD463B972}.Ad-Hoc|x64.Deploy.0 = Debug|Any CPU
		{EDC43EBF-92C7-4C4A-9B4C-020FD463B972}.Ad-Hoc|x86.ActiveCfg = Debug|Any CPU
		{EDC43EBF-92C7-4C4A-9B4C-020FD463B972}.Ad-Hoc|x86.Build.0 = Debug|Any CPU
		{EDC43EBF-92C7-4C4A-9B4C-020FD463B972}.Ad-Hoc|x86.Deploy.0 = Debug|Any CPU
		{EDC43EBF-92C7-4C4A-9B4C-020FD463B972}.AppStore|Any CPU.ActiveCfg = Debug|Any CPU
		{EDC43EBF-92C7-4C4A-9B4C-020FD463B972}.AppStore|Any CPU.Build.0 = Debug|Any CPU
		{EDC43EBF-92C7-4C4A-9B4C-020FD463B972}.AppStore|Any CPU.Deploy.0 = Debug|Any CPU
		{EDC43EBF-92C7-4C4A-9B4C-020FD463B972}.AppStore|ARM.ActiveCfg = Debug|Any CPU
		{EDC43EBF-92C7-4C4A-9B4C-020FD463B972}.AppStore|ARM.Build.0 = Debug|Any CPU
		{EDC43EBF-92C7-4C4A-9B4C-020FD463B972}.AppStore|ARM.Deploy.0 = Debug|Any CPU
		{EDC43EBF-92C7-4C4A-9B4C-020FD463B972}.AppStore|iPhone.ActiveCfg = Debug|Any CPU
		{EDC43EBF-92C7-4C4A-9B4C-020FD463B972}.AppStore|iPhone.Build.0 = Debug|Any CPU
		{EDC43EBF-92C7-4C4A-9B4C-020FD463B972}.AppStore|iPhone.Deploy.0 = Debug|Any CPU
		{EDC43EBF-92C7-4C4A-9B4C-020FD463B972}.AppStore|iPhoneSimulator.ActiveCfg = Debug|Any CPU
		{EDC43EBF-92C7-4C4A-9B4C-020FD463B972}.AppStore|iPhoneSimulator.Build.0 = Debug|Any CPU
		{EDC43EBF-92C7-4C4A-9B4C-020FD463B972}.AppStore|iPhoneSimulator.Deploy.0 = Debug|Any CPU
		{EDC43EBF-92C7-4C4A-9B4C-020FD463B972}.AppStore|x64.ActiveCfg = Debug|Any CPU
		{EDC43EBF-92C7-4C4A-9B4C-020FD463B972}.AppStore|x64.Build.0 = Debug|Any CPU
		{EDC43EBF-92C7-4C4A-9B4C-020FD463B972}.AppStore|x64.Deploy.0 = Debug|Any CPU
		{EDC43EBF-92C7-4C4A-9B4C-020FD463B972}.AppStore|x86.ActiveCfg = Debug|Any CPU
		{EDC43EBF-92C7-4C4A-9B4C-020FD463B972}.AppStore|x86.Build.0 = Debug|Any CPU
		{EDC43EBF-92C7-4C4A-9B4C-020FD463B972}.AppStore|x86.Deploy.0 = Debug|Any CPU
		{EDC43EBF-92C7-4C4A-9B4C-020FD463B972}.Debug|Any CPU.ActiveCfg = Debug|Any CPU
		{EDC43EBF-92C7-4C4A-9B4C-020FD463B972}.Debug|Any CPU.Build.0 = Debug|Any CPU
		{EDC43EBF-92C7-4C4A-9B4C-020FD463B972}.Debug|Any CPU.Deploy.0 = Debug|Any CPU
		{EDC43EBF-92C7-4C4A-9B4C-020FD463B972}.Debug|ARM.ActiveCfg = Debug|Any CPU
		{EDC43EBF-92C7-4C4A-9B4C-020FD463B972}.Debug|ARM.Build.0 = Debug|Any CPU
		{EDC43EBF-92C7-4C4A-9B4C-020FD463B972}.Debug|ARM.Deploy.0 = Debug|Any CPU
		{EDC43EBF-92C7-4C4A-9B4C-020FD463B972}.Debug|iPhone.ActiveCfg = Debug|Any CPU
		{EDC43EBF-92C7-4C4A-9B4C-020FD463B972}.Debug|iPhone.Build.0 = Debug|Any CPU
		{EDC43EBF-92C7-4C4A-9B4C-020FD463B972}.Debug|iPhone.Deploy.0 = Debug|Any CPU
		{EDC43EBF-92C7-4C4A-9B4C-020FD463B972}.Debug|iPhoneSimulator.ActiveCfg = Debug|Any CPU
		{EDC43EBF-92C7-4C4A-9B4C-020FD463B972}.Debug|iPhoneSimulator.Build.0 = Debug|Any CPU
		{EDC43EBF-92C7-4C4A-9B4C-020FD463B972}.Debug|iPhoneSimulator.Deploy.0 = Debug|Any CPU
		{EDC43EBF-92C7-4C4A-9B4C-020FD463B972}.Debug|x64.ActiveCfg = Debug|Any CPU
		{EDC43EBF-92C7-4C4A-9B4C-020FD463B972}.Debug|x64.Build.0 = Debug|Any CPU
		{EDC43EBF-92C7-4C4A-9B4C-020FD463B972}.Debug|x64.Deploy.0 = Debug|Any CPU
		{EDC43EBF-92C7-4C4A-9B4C-020FD463B972}.Debug|x86.ActiveCfg = Debug|Any CPU
		{EDC43EBF-92C7-4C4A-9B4C-020FD463B972}.Debug|x86.Build.0 = Debug|Any CPU
		{EDC43EBF-92C7-4C4A-9B4C-020FD463B972}.Debug|x86.Deploy.0 = Debug|Any CPU
		{EDC43EBF-92C7-4C4A-9B4C-020FD463B972}.Release|Any CPU.ActiveCfg = Release|Any CPU
		{EDC43EBF-92C7-4C4A-9B4C-020FD463B972}.Release|Any CPU.Build.0 = Release|Any CPU
		{EDC43EBF-92C7-4C4A-9B4C-020FD463B972}.Release|Any CPU.Deploy.0 = Release|Any CPU
		{EDC43EBF-92C7-4C4A-9B4C-020FD463B972}.Release|ARM.ActiveCfg = Release|Any CPU
		{EDC43EBF-92C7-4C4A-9B4C-020FD463B972}.Release|ARM.Build.0 = Release|Any CPU
		{EDC43EBF-92C7-4C4A-9B4C-020FD463B972}.Release|ARM.Deploy.0 = Release|Any CPU
		{EDC43EBF-92C7-4C4A-9B4C-020FD463B972}.Release|iPhone.ActiveCfg = Release|Any CPU
		{EDC43EBF-92C7-4C4A-9B4C-020FD463B972}.Release|iPhone.Build.0 = Release|Any CPU
		{EDC43EBF-92C7-4C4A-9B4C-020FD463B972}.Release|iPhone.Deploy.0 = Release|Any CPU
		{EDC43EBF-92C7-4C4A-9B4C-020FD463B972}.Release|iPhoneSimulator.ActiveCfg = Release|Any CPU
		{EDC43EBF-92C7-4C4A-9B4C-020FD463B972}.Release|iPhoneSimulator.Build.0 = Release|Any CPU
		{EDC43EBF-92C7-4C4A-9B4C-020FD463B972}.Release|iPhoneSimulator.Deploy.0 = Release|Any CPU
		{EDC43EBF-92C7-4C4A-9B4C-020FD463B972}.Release|x64.ActiveCfg = Release|Any CPU
		{EDC43EBF-92C7-4C4A-9B4C-020FD463B972}.Release|x64.Build.0 = Release|Any CPU
		{EDC43EBF-92C7-4C4A-9B4C-020FD463B972}.Release|x64.Deploy.0 = Release|Any CPU
		{EDC43EBF-92C7-4C4A-9B4C-020FD463B972}.Release|x86.ActiveCfg = Release|Any CPU
		{EDC43EBF-92C7-4C4A-9B4C-020FD463B972}.Release|x86.Build.0 = Release|Any CPU
		{EDC43EBF-92C7-4C4A-9B4C-020FD463B972}.Release|x86.Deploy.0 = Release|Any CPU
	EndGlobalSection
	GlobalSection(SolutionProperties) = preSolution
		HideSolutionNode = FALSE
	EndGlobalSection
	GlobalSection(ExtensibilityGlobals) = postSolution
		SolutionGuid = {03960D1C-86C3-4D47-A1E0-A1BA98D92017}
	EndGlobalSection
EndGlobal
